// !$*UTF8*$!
{
	archiveVersion = 1;
	classes = {
	};
	objectVersion = 46;
	objects = {

/* Begin PBXBuildFile section */
		7601F38B1B2FFCF200D5E366 /* AppDelegate.swift in Sources */ = {isa = PBXBuildFile; fileRef = 7601F38A1B2FFCF200D5E366 /* AppDelegate.swift */; };
		7601F38D1B2FFCF200D5E366 /* ViewController.swift in Sources */ = {isa = PBXBuildFile; fileRef = 7601F38C1B2FFCF200D5E366 /* ViewController.swift */; };
		7601F3901B2FFCF200D5E366 /* Main.storyboard in Resources */ = {isa = PBXBuildFile; fileRef = 7601F38E1B2FFCF200D5E366 /* Main.storyboard */; };
		7601F3921B2FFCF200D5E366 /* Images.xcassets in Resources */ = {isa = PBXBuildFile; fileRef = 7601F3911B2FFCF200D5E366 /* Images.xcassets */; };
		7601F3951B2FFCF200D5E366 /* LaunchScreen.xib in Resources */ = {isa = PBXBuildFile; fileRef = 7601F3931B2FFCF200D5E366 /* LaunchScreen.xib */; };
		7601F3A11B2FFCF200D5E366 /* ChowFastTests.swift in Sources */ = {isa = PBXBuildFile; fileRef = 7601F3A01B2FFCF200D5E366 /* ChowFastTests.swift */; };
		7601F3D61B2FFDC200D5E366 /* Bolts.framework in Frameworks */ = {isa = PBXBuildFile; fileRef = 7601F3D01B2FFDC200D5E366 /* Bolts.framework */; };
		7601F3D71B2FFDC200D5E366 /* Parse.framework in Frameworks */ = {isa = PBXBuildFile; fileRef = 7601F3D11B2FFDC200D5E366 /* Parse.framework */; };
		7601F3D81B2FFDC200D5E366 /* ParseCrashReporting.framework in Frameworks */ = {isa = PBXBuildFile; fileRef = 7601F3D21B2FFDC200D5E366 /* ParseCrashReporting.framework */; };
		7601F3D91B2FFDC200D5E366 /* ParseFacebookUtils.framework in Frameworks */ = {isa = PBXBuildFile; fileRef = 7601F3D31B2FFDC200D5E366 /* ParseFacebookUtils.framework */; };
		7601F3DA1B2FFDC200D5E366 /* ParseFacebookUtilsV4.framework in Frameworks */ = {isa = PBXBuildFile; fileRef = 7601F3D41B2FFDC200D5E366 /* ParseFacebookUtilsV4.framework */; };
		7601F3DB1B2FFDC200D5E366 /* ParseUI.framework in Frameworks */ = {isa = PBXBuildFile; fileRef = 7601F3D51B2FFDC200D5E366 /* ParseUI.framework */; };
		7601F3DD1B2FFDDA00D5E366 /* AudioToolbox.framework in Frameworks */ = {isa = PBXBuildFile; fileRef = 7601F3DC1B2FFDDA00D5E366 /* AudioToolbox.framework */; };
		7601F3E81B2FFE5200D5E366 /* CFNetwork.framework in Frameworks */ = {isa = PBXBuildFile; fileRef = 7601F3DE1B2FFE5200D5E366 /* CFNetwork.framework */; };
		7601F3E91B2FFE5200D5E366 /* CoreGraphics.framework in Frameworks */ = {isa = PBXBuildFile; fileRef = 7601F3DF1B2FFE5200D5E366 /* CoreGraphics.framework */; };
		7601F3EA1B2FFE5200D5E366 /* CoreLocation.framework in Frameworks */ = {isa = PBXBuildFile; fileRef = 7601F3E01B2FFE5200D5E366 /* CoreLocation.framework */; };
		7601F3EB1B2FFE5200D5E366 /* libsqlite3.dylib in Frameworks */ = {isa = PBXBuildFile; fileRef = 7601F3E11B2FFE5200D5E366 /* libsqlite3.dylib */; };
		7601F3EC1B2FFE5200D5E366 /* libz.dylib in Frameworks */ = {isa = PBXBuildFile; fileRef = 7601F3E21B2FFE5200D5E366 /* libz.dylib */; };
		7601F3ED1B2FFE5200D5E366 /* MobileCoreServices.framework in Frameworks */ = {isa = PBXBuildFile; fileRef = 7601F3E31B2FFE5200D5E366 /* MobileCoreServices.framework */; };
		7601F3EE1B2FFE5200D5E366 /* QuartzCore.framework in Frameworks */ = {isa = PBXBuildFile; fileRef = 7601F3E41B2FFE5200D5E366 /* QuartzCore.framework */; };
		7601F3EF1B2FFE5200D5E366 /* Security.framework in Frameworks */ = {isa = PBXBuildFile; fileRef = 7601F3E51B2FFE5200D5E366 /* Security.framework */; };
		7601F3F01B2FFE5200D5E366 /* StoreKit.framework in Frameworks */ = {isa = PBXBuildFile; fileRef = 7601F3E61B2FFE5200D5E366 /* StoreKit.framework */; };
		7601F3F11B2FFE5200D5E366 /* SystemConfiguration.framework in Frameworks */ = {isa = PBXBuildFile; fileRef = 7601F3E71B2FFE5200D5E366 /* SystemConfiguration.framework */; };
		762D6F681B59571D002025E4 /* Notifications.swift in Sources */ = {isa = PBXBuildFile; fileRef = 762D6F671B59571D002025E4 /* Notifications.swift */; };
		763835201B39B23F00B63DEB /* DetailViewController.swift in Sources */ = {isa = PBXBuildFile; fileRef = 7638351F1B39B23F00B63DEB /* DetailViewController.swift */; };
		765FEF001B5C0CB50049CAAA /* ReservationViewController.swift in Sources */ = {isa = PBXBuildFile; fileRef = 765FEEFF1B5C0CB50049CAAA /* ReservationViewController.swift */; };
		7668045C1B576DA600D4E373 /* FeedbackViewController.swift in Sources */ = {isa = PBXBuildFile; fileRef = 7668045B1B576DA600D4E373 /* FeedbackViewController.swift */; };
		7668045E1B5773A000D4E373 /* MessageUI.framework in Frameworks */ = {isa = PBXBuildFile; fileRef = 7668045D1B5773A000D4E373 /* MessageUI.framework */; };
		76768C801B399D0C00B5000E /* TableViewController.swift in Sources */ = {isa = PBXBuildFile; fileRef = 76768C7F1B399D0C00B5000E /* TableViewController.swift */; };
		76862AB31B302E5E009CDA15 /* Accounts.framework in Frameworks */ = {isa = PBXBuildFile; fileRef = 76862AB11B302E5E009CDA15 /* Accounts.framework */; };
		76862AB41B302E5E009CDA15 /* Social.framework in Frameworks */ = {isa = PBXBuildFile; fileRef = 76862AB21B302E5E009CDA15 /* Social.framework */; };
		76862AB61B303100009CDA15 /* CustomLoginViewController.swift in Sources */ = {isa = PBXBuildFile; fileRef = 76862AB51B303100009CDA15 /* CustomLoginViewController.swift */; };
		76862AB81B303117009CDA15 /* CustomSignUpViewController.swift in Sources */ = {isa = PBXBuildFile; fileRef = 76862AB71B303117009CDA15 /* CustomSignUpViewController.swift */; };
		76EFCBF61B510CC80053A36D /* eWalletViewController.swift in Sources */ = {isa = PBXBuildFile; fileRef = 76EFCBF51B510CC80053A36D /* eWalletViewController.swift */; };
/* End PBXBuildFile section */

/* Begin PBXContainerItemProxy section */
		7601F39B1B2FFCF200D5E366 /* PBXContainerItemProxy */ = {
			isa = PBXContainerItemProxy;
			containerPortal = 7601F37D1B2FFCF100D5E366 /* Project object */;
			proxyType = 1;
			remoteGlobalIDString = 7601F3841B2FFCF100D5E366;
			remoteInfo = ChowFast;
		};
/* End PBXContainerItemProxy section */

/* Begin PBXFileReference section */
		7601F3851B2FFCF200D5E366 /* ChowFast.app */ = {isa = PBXFileReference; explicitFileType = wrapper.application; includeInIndex = 0; path = ChowFast.app; sourceTree = BUILT_PRODUCTS_DIR; };
		7601F3891B2FFCF200D5E366 /* Info.plist */ = {isa = PBXFileReference; lastKnownFileType = text.plist.xml; path = Info.plist; sourceTree = "<group>"; };
		7601F38A1B2FFCF200D5E366 /* AppDelegate.swift */ = {isa = PBXFileReference; lastKnownFileType = sourcecode.swift; path = AppDelegate.swift; sourceTree = "<group>"; };
		7601F38C1B2FFCF200D5E366 /* ViewController.swift */ = {isa = PBXFileReference; lastKnownFileType = sourcecode.swift; path = ViewController.swift; sourceTree = "<group>"; };
		7601F38F1B2FFCF200D5E366 /* Base */ = {isa = PBXFileReference; lastKnownFileType = file.storyboard; name = Base; path = Base.lproj/Main.storyboard; sourceTree = "<group>"; };
		7601F3911B2FFCF200D5E366 /* Images.xcassets */ = {isa = PBXFileReference; lastKnownFileType = folder.assetcatalog; path = Images.xcassets; sourceTree = "<group>"; };
		7601F3941B2FFCF200D5E366 /* Base */ = {isa = PBXFileReference; lastKnownFileType = file.xib; name = Base; path = Base.lproj/LaunchScreen.xib; sourceTree = "<group>"; };
		7601F39A1B2FFCF200D5E366 /* ChowFastTests.xctest */ = {isa = PBXFileReference; explicitFileType = wrapper.cfbundle; includeInIndex = 0; path = ChowFastTests.xctest; sourceTree = BUILT_PRODUCTS_DIR; };
		7601F39F1B2FFCF200D5E366 /* Info.plist */ = {isa = PBXFileReference; lastKnownFileType = text.plist.xml; path = Info.plist; sourceTree = "<group>"; };
		7601F3A01B2FFCF200D5E366 /* ChowFastTests.swift */ = {isa = PBXFileReference; lastKnownFileType = sourcecode.swift; path = ChowFastTests.swift; sourceTree = "<group>"; };
		7601F3D01B2FFDC200D5E366 /* Bolts.framework */ = {isa = PBXFileReference; lastKnownFileType = wrapper.framework; path = Bolts.framework; sourceTree = "<group>"; };
		7601F3D11B2FFDC200D5E366 /* Parse.framework */ = {isa = PBXFileReference; lastKnownFileType = wrapper.framework; path = Parse.framework; sourceTree = "<group>"; };
		7601F3D21B2FFDC200D5E366 /* ParseCrashReporting.framework */ = {isa = PBXFileReference; lastKnownFileType = wrapper.framework; path = ParseCrashReporting.framework; sourceTree = "<group>"; };
		7601F3D31B2FFDC200D5E366 /* ParseFacebookUtils.framework */ = {isa = PBXFileReference; lastKnownFileType = wrapper.framework; path = ParseFacebookUtils.framework; sourceTree = "<group>"; };
		7601F3D41B2FFDC200D5E366 /* ParseFacebookUtilsV4.framework */ = {isa = PBXFileReference; lastKnownFileType = wrapper.framework; path = ParseFacebookUtilsV4.framework; sourceTree = "<group>"; };
		7601F3D51B2FFDC200D5E366 /* ParseUI.framework */ = {isa = PBXFileReference; lastKnownFileType = wrapper.framework; path = ParseUI.framework; sourceTree = "<group>"; };
		7601F3DC1B2FFDDA00D5E366 /* AudioToolbox.framework */ = {isa = PBXFileReference; lastKnownFileType = wrapper.framework; name = AudioToolbox.framework; path = System/Library/Frameworks/AudioToolbox.framework; sourceTree = SDKROOT; };
		7601F3DE1B2FFE5200D5E366 /* CFNetwork.framework */ = {isa = PBXFileReference; lastKnownFileType = wrapper.framework; name = CFNetwork.framework; path = System/Library/Frameworks/CFNetwork.framework; sourceTree = SDKROOT; };
		7601F3DF1B2FFE5200D5E366 /* CoreGraphics.framework */ = {isa = PBXFileReference; lastKnownFileType = wrapper.framework; name = CoreGraphics.framework; path = System/Library/Frameworks/CoreGraphics.framework; sourceTree = SDKROOT; };
		7601F3E01B2FFE5200D5E366 /* CoreLocation.framework */ = {isa = PBXFileReference; lastKnownFileType = wrapper.framework; name = CoreLocation.framework; path = System/Library/Frameworks/CoreLocation.framework; sourceTree = SDKROOT; };
		7601F3E11B2FFE5200D5E366 /* libsqlite3.dylib */ = {isa = PBXFileReference; lastKnownFileType = "compiled.mach-o.dylib"; name = libsqlite3.dylib; path = usr/lib/libsqlite3.dylib; sourceTree = SDKROOT; };
		7601F3E21B2FFE5200D5E366 /* libz.dylib */ = {isa = PBXFileReference; lastKnownFileType = "compiled.mach-o.dylib"; name = libz.dylib; path = usr/lib/libz.dylib; sourceTree = SDKROOT; };
		7601F3E31B2FFE5200D5E366 /* MobileCoreServices.framework */ = {isa = PBXFileReference; lastKnownFileType = wrapper.framework; name = MobileCoreServices.framework; path = System/Library/Frameworks/MobileCoreServices.framework; sourceTree = SDKROOT; };
		7601F3E41B2FFE5200D5E366 /* QuartzCore.framework */ = {isa = PBXFileReference; lastKnownFileType = wrapper.framework; name = QuartzCore.framework; path = System/Library/Frameworks/QuartzCore.framework; sourceTree = SDKROOT; };
		7601F3E51B2FFE5200D5E366 /* Security.framework */ = {isa = PBXFileReference; lastKnownFileType = wrapper.framework; name = Security.framework; path = System/Library/Frameworks/Security.framework; sourceTree = SDKROOT; };
		7601F3E61B2FFE5200D5E366 /* StoreKit.framework */ = {isa = PBXFileReference; lastKnownFileType = wrapper.framework; name = StoreKit.framework; path = System/Library/Frameworks/StoreKit.framework; sourceTree = SDKROOT; };
		7601F3E71B2FFE5200D5E366 /* SystemConfiguration.framework */ = {isa = PBXFileReference; lastKnownFileType = wrapper.framework; name = SystemConfiguration.framework; path = System/Library/Frameworks/SystemConfiguration.framework; sourceTree = SDKROOT; };
		762D6F671B59571D002025E4 /* Notifications.swift */ = {isa = PBXFileReference; fileEncoding = 4; lastKnownFileType = sourcecode.swift; path = Notifications.swift; sourceTree = "<group>"; };
		7638351F1B39B23F00B63DEB /* DetailViewController.swift */ = {isa = PBXFileReference; fileEncoding = 4; lastKnownFileType = sourcecode.swift; path = DetailViewController.swift; sourceTree = "<group>"; };
		765FEEFF1B5C0CB50049CAAA /* ReservationViewController.swift */ = {isa = PBXFileReference; fileEncoding = 4; lastKnownFileType = sourcecode.swift; path = ReservationViewController.swift; sourceTree = "<group>"; };
		7668045B1B576DA600D4E373 /* FeedbackViewController.swift */ = {isa = PBXFileReference; fileEncoding = 4; lastKnownFileType = sourcecode.swift; path = FeedbackViewController.swift; sourceTree = "<group>"; };
		7668045D1B5773A000D4E373 /* MessageUI.framework */ = {isa = PBXFileReference; lastKnownFileType = wrapper.framework; name = MessageUI.framework; path = System/Library/Frameworks/MessageUI.framework; sourceTree = SDKROOT; };
		766E7C7B1B3859170096B8AA /* Bridging-Header.h */ = {isa = PBXFileReference; fileEncoding = 4; lastKnownFileType = sourcecode.c.h; path = "Bridging-Header.h"; sourceTree = "<group>"; };
		76768C7F1B399D0C00B5000E /* TableViewController.swift */ = {isa = PBXFileReference; fileEncoding = 4; lastKnownFileType = sourcecode.swift; path = TableViewController.swift; sourceTree = "<group>"; };
		76862AB11B302E5E009CDA15 /* Accounts.framework */ = {isa = PBXFileReference; lastKnownFileType = wrapper.framework; name = Accounts.framework; path = System/Library/Frameworks/Accounts.framework; sourceTree = SDKROOT; };
		76862AB21B302E5E009CDA15 /* Social.framework */ = {isa = PBXFileReference; lastKnownFileType = wrapper.framework; name = Social.framework; path = System/Library/Frameworks/Social.framework; sourceTree = SDKROOT; };
		76862AB51B303100009CDA15 /* CustomLoginViewController.swift */ = {isa = PBXFileReference; fileEncoding = 4; lastKnownFileType = sourcecode.swift; path = CustomLoginViewController.swift; sourceTree = "<group>"; };
		76862AB71B303117009CDA15 /* CustomSignUpViewController.swift */ = {isa = PBXFileReference; fileEncoding = 4; lastKnownFileType = sourcecode.swift; path = CustomSignUpViewController.swift; sourceTree = "<group>"; };
		76EFCBF51B510CC80053A36D /* eWalletViewController.swift */ = {isa = PBXFileReference; fileEncoding = 4; lastKnownFileType = sourcecode.swift; path = eWalletViewController.swift; sourceTree = "<group>"; };
/* End PBXFileReference section */

/* Begin PBXFrameworksBuildPhase section */
		7601F3821B2FFCF100D5E366 /* Frameworks */ = {
			isa = PBXFrameworksBuildPhase;
			buildActionMask = 2147483647;
			files = (
				7668045E1B5773A000D4E373 /* MessageUI.framework in Frameworks */,
				76862AB31B302E5E009CDA15 /* Accounts.framework in Frameworks */,
				76862AB41B302E5E009CDA15 /* Social.framework in Frameworks */,
				7601F3E81B2FFE5200D5E366 /* CFNetwork.framework in Frameworks */,
				7601F3E91B2FFE5200D5E366 /* CoreGraphics.framework in Frameworks */,
				7601F3EA1B2FFE5200D5E366 /* CoreLocation.framework in Frameworks */,
				7601F3EB1B2FFE5200D5E366 /* libsqlite3.dylib in Frameworks */,
				7601F3EC1B2FFE5200D5E366 /* libz.dylib in Frameworks */,
				7601F3ED1B2FFE5200D5E366 /* MobileCoreServices.framework in Frameworks */,
				7601F3EE1B2FFE5200D5E366 /* QuartzCore.framework in Frameworks */,
				7601F3EF1B2FFE5200D5E366 /* Security.framework in Frameworks */,
				7601F3F01B2FFE5200D5E366 /* StoreKit.framework in Frameworks */,
				7601F3F11B2FFE5200D5E366 /* SystemConfiguration.framework in Frameworks */,
				7601F3DD1B2FFDDA00D5E366 /* AudioToolbox.framework in Frameworks */,
				7601F3DB1B2FFDC200D5E366 /* ParseUI.framework in Frameworks */,
				7601F3D71B2FFDC200D5E366 /* Parse.framework in Frameworks */,
				7601F3D81B2FFDC200D5E366 /* ParseCrashReporting.framework in Frameworks */,
				7601F3D91B2FFDC200D5E366 /* ParseFacebookUtils.framework in Frameworks */,
				7601F3D61B2FFDC200D5E366 /* Bolts.framework in Frameworks */,
				7601F3DA1B2FFDC200D5E366 /* ParseFacebookUtilsV4.framework in Frameworks */,
			);
			runOnlyForDeploymentPostprocessing = 0;
		};
		7601F3971B2FFCF200D5E366 /* Frameworks */ = {
			isa = PBXFrameworksBuildPhase;
			buildActionMask = 2147483647;
			files = (
			);
			runOnlyForDeploymentPostprocessing = 0;
		};
/* End PBXFrameworksBuildPhase section */

/* Begin PBXGroup section */
		7601F37C1B2FFCF100D5E366 = {
			isa = PBXGroup;
			children = (
				7668045D1B5773A000D4E373 /* MessageUI.framework */,
				76862AB11B302E5E009CDA15 /* Accounts.framework */,
				76862AB21B302E5E009CDA15 /* Social.framework */,
				7601F3DE1B2FFE5200D5E366 /* CFNetwork.framework */,
				7601F3DF1B2FFE5200D5E366 /* CoreGraphics.framework */,
				7601F3E01B2FFE5200D5E366 /* CoreLocation.framework */,
				7601F3E11B2FFE5200D5E366 /* libsqlite3.dylib */,
				7601F3E21B2FFE5200D5E366 /* libz.dylib */,
				7601F3E31B2FFE5200D5E366 /* MobileCoreServices.framework */,
				7601F3E41B2FFE5200D5E366 /* QuartzCore.framework */,
				7601F3E51B2FFE5200D5E366 /* Security.framework */,
				7601F3E61B2FFE5200D5E366 /* StoreKit.framework */,
				7601F3E71B2FFE5200D5E366 /* SystemConfiguration.framework */,
				7601F3DC1B2FFDDA00D5E366 /* AudioToolbox.framework */,
				7601F3CF1B2FFDC200D5E366 /* Framework */,
				7601F3871B2FFCF200D5E366 /* ChowFast */,
				7601F39D1B2FFCF200D5E366 /* ChowFastTests */,
				7601F3861B2FFCF200D5E366 /* Products */,
			);
			sourceTree = "<group>";
		};
		7601F3861B2FFCF200D5E366 /* Products */ = {
			isa = PBXGroup;
			children = (
				7601F3851B2FFCF200D5E366 /* ChowFast.app */,
				7601F39A1B2FFCF200D5E366 /* ChowFastTests.xctest */,
			);
			name = Products;
			sourceTree = "<group>";
		};
		7601F3871B2FFCF200D5E366 /* ChowFast */ = {
			isa = PBXGroup;
			children = (
				766E7C7B1B3859170096B8AA /* Bridging-Header.h */,
				7601F38A1B2FFCF200D5E366 /* AppDelegate.swift */,
				7668045B1B576DA600D4E373 /* FeedbackViewController.swift */,
				7638351F1B39B23F00B63DEB /* DetailViewController.swift */,
				76768C7F1B399D0C00B5000E /* TableViewController.swift */,
				7601F38C1B2FFCF200D5E366 /* ViewController.swift */,
				76862AB51B303100009CDA15 /* CustomLoginViewController.swift */,
				76EFCBF51B510CC80053A36D /* eWalletViewController.swift */,
				762D6F671B59571D002025E4 /* Notifications.swift */,
				765FEEFF1B5C0CB50049CAAA /* ReservationViewController.swift */,
				76862AB71B303117009CDA15 /* CustomSignUpViewController.swift */,
				7601F38E1B2FFCF200D5E366 /* Main.storyboard */,
				7601F3911B2FFCF200D5E366 /* Images.xcassets */,
				7601F3931B2FFCF200D5E366 /* LaunchScreen.xib */,
				7601F3881B2FFCF200D5E366 /* Supporting Files */,
			);
			path = ChowFast;
			sourceTree = "<group>";
		};
		7601F3881B2FFCF200D5E366 /* Supporting Files */ = {
			isa = PBXGroup;
			children = (
				7601F3891B2FFCF200D5E366 /* Info.plist */,
			);
			name = "Supporting Files";
			sourceTree = "<group>";
		};
		7601F39D1B2FFCF200D5E366 /* ChowFastTests */ = {
			isa = PBXGroup;
			children = (
				7601F3A01B2FFCF200D5E366 /* ChowFastTests.swift */,
				7601F39E1B2FFCF200D5E366 /* Supporting Files */,
			);
			path = ChowFastTests;
			sourceTree = "<group>";
		};
		7601F39E1B2FFCF200D5E366 /* Supporting Files */ = {
			isa = PBXGroup;
			children = (
				7601F39F1B2FFCF200D5E366 /* Info.plist */,
			);
			name = "Supporting Files";
			sourceTree = "<group>";
		};
		7601F3CF1B2FFDC200D5E366 /* Framework */ = {
			isa = PBXGroup;
			children = (
				7601F3D01B2FFDC200D5E366 /* Bolts.framework */,
				7601F3D11B2FFDC200D5E366 /* Parse.framework */,
				7601F3D21B2FFDC200D5E366 /* ParseCrashReporting.framework */,
				7601F3D31B2FFDC200D5E366 /* ParseFacebookUtils.framework */,
				7601F3D41B2FFDC200D5E366 /* ParseFacebookUtilsV4.framework */,
				7601F3D51B2FFDC200D5E366 /* ParseUI.framework */,
			);
			path = Framework;
			sourceTree = "<group>";
		};
/* End PBXGroup section */

/* Begin PBXNativeTarget section */
		7601F3841B2FFCF100D5E366 /* ChowFast */ = {
			isa = PBXNativeTarget;
			buildConfigurationList = 7601F3A41B2FFCF200D5E366 /* Build configuration list for PBXNativeTarget "ChowFast" */;
			buildPhases = (
				7601F3811B2FFCF100D5E366 /* Sources */,
				7601F3821B2FFCF100D5E366 /* Frameworks */,
				7601F3831B2FFCF100D5E366 /* Resources */,
			);
			buildRules = (
			);
			dependencies = (
			);
			name = ChowFast;
			productName = ChowFast;
			productReference = 7601F3851B2FFCF200D5E366 /* ChowFast.app */;
			productType = "com.apple.product-type.application";
		};
		7601F3991B2FFCF200D5E366 /* ChowFastTests */ = {
			isa = PBXNativeTarget;
			buildConfigurationList = 7601F3A71B2FFCF200D5E366 /* Build configuration list for PBXNativeTarget "ChowFastTests" */;
			buildPhases = (
				7601F3961B2FFCF200D5E366 /* Sources */,
				7601F3971B2FFCF200D5E366 /* Frameworks */,
				7601F3981B2FFCF200D5E366 /* Resources */,
			);
			buildRules = (
			);
			dependencies = (
				7601F39C1B2FFCF200D5E366 /* PBXTargetDependency */,
			);
			name = ChowFastTests;
			productName = ChowFastTests;
			productReference = 7601F39A1B2FFCF200D5E366 /* ChowFastTests.xctest */;
			productType = "com.apple.product-type.bundle.unit-test";
		};
/* End PBXNativeTarget section */

/* Begin PBXProject section */
		7601F37D1B2FFCF100D5E366 /* Project object */ = {
			isa = PBXProject;
			attributes = {
				LastUpgradeCheck = 0630;
				ORGANIZATIONNAME = tjr;
				TargetAttributes = {
					7601F3841B2FFCF100D5E366 = {
						CreatedOnToolsVersion = 6.3.2;
						DevelopmentTeam = H928Z34ENQ;
					};
					7601F3991B2FFCF200D5E366 = {
						CreatedOnToolsVersion = 6.3.2;
						TestTargetID = 7601F3841B2FFCF100D5E366;
					};
				};
			};
			buildConfigurationList = 7601F3801B2FFCF100D5E366 /* Build configuration list for PBXProject "ChowFast" */;
			compatibilityVersion = "Xcode 3.2";
			developmentRegion = English;
			hasScannedForEncodings = 0;
			knownRegions = (
				en,
				Base,
			);
			mainGroup = 7601F37C1B2FFCF100D5E366;
			productRefGroup = 7601F3861B2FFCF200D5E366 /* Products */;
			projectDirPath = "";
			projectRoot = "";
			targets = (
				7601F3841B2FFCF100D5E366 /* ChowFast */,
				7601F3991B2FFCF200D5E366 /* ChowFastTests */,
			);
		};
/* End PBXProject section */

/* Begin PBXResourcesBuildPhase section */
		7601F3831B2FFCF100D5E366 /* Resources */ = {
			isa = PBXResourcesBuildPhase;
			buildActionMask = 2147483647;
			files = (
				7601F3901B2FFCF200D5E366 /* Main.storyboard in Resources */,
				7601F3951B2FFCF200D5E366 /* LaunchScreen.xib in Resources */,
				7601F3921B2FFCF200D5E366 /* Images.xcassets in Resources */,
			);
			runOnlyForDeploymentPostprocessing = 0;
		};
		7601F3981B2FFCF200D5E366 /* Resources */ = {
			isa = PBXResourcesBuildPhase;
			buildActionMask = 2147483647;
			files = (
			);
			runOnlyForDeploymentPostprocessing = 0;
		};
/* End PBXResourcesBuildPhase section */

/* Begin PBXSourcesBuildPhase section */
		7601F3811B2FFCF100D5E366 /* Sources */ = {
			isa = PBXSourcesBuildPhase;
			buildActionMask = 2147483647;
			files = (
				76EFCBF61B510CC80053A36D /* eWalletViewController.swift in Sources */,
				76862AB61B303100009CDA15 /* CustomLoginViewController.swift in Sources */,
				7601F38D1B2FFCF200D5E366 /* ViewController.swift in Sources */,
				762D6F681B59571D002025E4 /* Notifications.swift in Sources */,
				7668045C1B576DA600D4E373 /* FeedbackViewController.swift in Sources */,
				765FEF001B5C0CB50049CAAA /* ReservationViewController.swift in Sources */,
				76862AB81B303117009CDA15 /* CustomSignUpViewController.swift in Sources */,
				763835201B39B23F00B63DEB /* DetailViewController.swift in Sources */,
				76768C801B399D0C00B5000E /* TableViewController.swift in Sources */,
				7601F38B1B2FFCF200D5E366 /* AppDelegate.swift in Sources */,
			);
			runOnlyForDeploymentPostprocessing = 0;
		};
		7601F3961B2FFCF200D5E366 /* Sources */ = {
			isa = PBXSourcesBuildPhase;
			buildActionMask = 2147483647;
			files = (
				7601F3A11B2FFCF200D5E366 /* ChowFastTests.swift in Sources */,
			);
			runOnlyForDeploymentPostprocessing = 0;
		};
/* End PBXSourcesBuildPhase section */

/* Begin PBXTargetDependency section */
		7601F39C1B2FFCF200D5E366 /* PBXTargetDependency */ = {
			isa = PBXTargetDependency;
			target = 7601F3841B2FFCF100D5E366 /* ChowFast */;
			targetProxy = 7601F39B1B2FFCF200D5E366 /* PBXContainerItemProxy */;
		};
/* End PBXTargetDependency section */

/* Begin PBXVariantGroup section */
		7601F38E1B2FFCF200D5E366 /* Main.storyboard */ = {
			isa = PBXVariantGroup;
			children = (
				7601F38F1B2FFCF200D5E366 /* Base */,
			);
			name = Main.storyboard;
			sourceTree = "<group>";
		};
		7601F3931B2FFCF200D5E366 /* LaunchScreen.xib */ = {
			isa = PBXVariantGroup;
			children = (
				7601F3941B2FFCF200D5E366 /* Base */,
			);
			name = LaunchScreen.xib;
			sourceTree = "<group>";
		};
/* End PBXVariantGroup section */

/* Begin XCBuildConfiguration section */
		7601F3A21B2FFCF200D5E366 /* Debug */ = {
			isa = XCBuildConfiguration;
			buildSettings = {
				ALWAYS_SEARCH_USER_PATHS = NO;
				CLANG_CXX_LANGUAGE_STANDARD = "gnu++0x";
				CLANG_CXX_LIBRARY = "libc++";
				CLANG_ENABLE_MODULES = YES;
				CLANG_ENABLE_OBJC_ARC = YES;
				CLANG_WARN_BOOL_CONVERSION = YES;
				CLANG_WARN_CONSTANT_CONVERSION = YES;
				CLANG_WARN_DIRECT_OBJC_ISA_USAGE = YES_ERROR;
				CLANG_WARN_EMPTY_BODY = YES;
				CLANG_WARN_ENUM_CONVERSION = YES;
				CLANG_WARN_INT_CONVERSION = YES;
				CLANG_WARN_OBJC_ROOT_CLASS = YES_ERROR;
				CLANG_WARN_UNREACHABLE_CODE = YES;
				CLANG_WARN__DUPLICATE_METHOD_MATCH = YES;
				"CODE_SIGN_IDENTITY[sdk=iphoneos*]" = "iPhone Developer";
				COPY_PHASE_STRIP = NO;
				DEBUG_INFORMATION_FORMAT = "dwarf-with-dsym";
				ENABLE_STRICT_OBJC_MSGSEND = YES;
				GCC_C_LANGUAGE_STANDARD = gnu99;
				GCC_DYNAMIC_NO_PIC = NO;
				GCC_NO_COMMON_BLOCKS = YES;
				GCC_OPTIMIZATION_LEVEL = 0;
				GCC_PREPROCESSOR_DEFINITIONS = (
					"DEBUG=1",
					"$(inherited)",
				);
				GCC_SYMBOLS_PRIVATE_EXTERN = NO;
				GCC_WARN_64_TO_32_BIT_CONVERSION = YES;
				GCC_WARN_ABOUT_RETURN_TYPE = YES_ERROR;
				GCC_WARN_UNDECLARED_SELECTOR = YES;
				GCC_WARN_UNINITIALIZED_AUTOS = YES_AGGRESSIVE;
				GCC_WARN_UNUSED_FUNCTION = YES;
				GCC_WARN_UNUSED_VARIABLE = YES;
				IPHONEOS_DEPLOYMENT_TARGET = 8.3;
				MTL_ENABLE_DEBUG_INFO = YES;
				ONLY_ACTIVE_ARCH = YES;
				SDKROOT = iphoneos;
				SWIFT_OPTIMIZATION_LEVEL = "-Onone";
			};
			name = Debug;
		};
		7601F3A31B2FFCF200D5E366 /* Release */ = {
			isa = XCBuildConfiguration;
			buildSettings = {
				ALWAYS_SEARCH_USER_PATHS = NO;
				CLANG_CXX_LANGUAGE_STANDARD = "gnu++0x";
				CLANG_CXX_LIBRARY = "libc++";
				CLANG_ENABLE_MODULES = YES;
				CLANG_ENABLE_OBJC_ARC = YES;
				CLANG_WARN_BOOL_CONVERSION = YES;
				CLANG_WARN_CONSTANT_CONVERSION = YES;
				CLANG_WARN_DIRECT_OBJC_ISA_USAGE = YES_ERROR;
				CLANG_WARN_EMPTY_BODY = YES;
				CLANG_WARN_ENUM_CONVERSION = YES;
				CLANG_WARN_INT_CONVERSION = YES;
				CLANG_WARN_OBJC_ROOT_CLASS = YES_ERROR;
				CLANG_WARN_UNREACHABLE_CODE = YES;
				CLANG_WARN__DUPLICATE_METHOD_MATCH = YES;
				"CODE_SIGN_IDENTITY[sdk=iphoneos*]" = "iPhone Developer";
				COPY_PHASE_STRIP = NO;
				DEBUG_INFORMATION_FORMAT = "dwarf-with-dsym";
				ENABLE_NS_ASSERTIONS = NO;
				ENABLE_STRICT_OBJC_MSGSEND = YES;
				GCC_C_LANGUAGE_STANDARD = gnu99;
				GCC_NO_COMMON_BLOCKS = YES;
				GCC_WARN_64_TO_32_BIT_CONVERSION = YES;
				GCC_WARN_ABOUT_RETURN_TYPE = YES_ERROR;
				GCC_WARN_UNDECLARED_SELECTOR = YES;
				GCC_WARN_UNINITIALIZED_AUTOS = YES_AGGRESSIVE;
				GCC_WARN_UNUSED_FUNCTION = YES;
				GCC_WARN_UNUSED_VARIABLE = YES;
				IPHONEOS_DEPLOYMENT_TARGET = 8.3;
				MTL_ENABLE_DEBUG_INFO = NO;
				SDKROOT = iphoneos;
				VALIDATE_PRODUCT = YES;
			};
			name = Release;
		};
		7601F3A51B2FFCF200D5E366 /* Debug */ = {
			isa = XCBuildConfiguration;
			buildSettings = {
				ASSETCATALOG_COMPILER_APPICON_NAME = AppIcon;
				CODE_SIGN_IDENTITY = "iPhone Developer";
				"CODE_SIGN_IDENTITY[sdk=iphoneos*]" = "iPhone Developer";
				FRAMEWORK_SEARCH_PATHS = (
					"$(inherited)",
					"$(PROJECT_DIR)/Framework",
				);
				INFOPLIST_FILE = ChowFast/Info.plist;
				LD_RUNPATH_SEARCH_PATHS = "$(inherited) @executable_path/Frameworks";
				PRODUCT_NAME = "$(TARGET_NAME)";
				PROVISIONING_PROFILE = "";
				SWIFT_OBJC_BRIDGING_HEADER = "/Users/tjr/Documents/ChowFast/ChowFast/Bridging-Header.h";
			};
			name = Debug;
		};
		7601F3A61B2FFCF200D5E366 /* Release */ = {
			isa = XCBuildConfiguration;
			buildSettings = {
				ASSETCATALOG_COMPILER_APPICON_NAME = AppIcon;
				CODE_SIGN_IDENTITY = "iPhone Developer";
				"CODE_SIGN_IDENTITY[sdk=iphoneos*]" = "iPhone Developer";
				FRAMEWORK_SEARCH_PATHS = (
					"$(inherited)",
					"$(PROJECT_DIR)/Framework",
				);
				INFOPLIST_FILE = ChowFast/Info.plist;
				LD_RUNPATH_SEARCH_PATHS = "$(inherited) @executable_path/Frameworks";
				PRODUCT_NAME = "$(TARGET_NAME)";
				PROVISIONING_PROFILE = "";
				SWIFT_OBJC_BRIDGING_HEADER = "/Users/tjr/Documents/ChowFast/ChowFast/Bridging-Header.h";
			};
			name = Release;
		};
		7601F3A81B2FFCF200D5E366 /* Debug */ = {
			isa = XCBuildConfiguration;
			buildSettings = {
				BUNDLE_LOADER = "$(TEST_HOST)";
				FRAMEWORK_SEARCH_PATHS = (
					"$(SDKROOT)/Developer/Library/Frameworks",
					"$(inherited)",
				);
				GCC_PREPROCESSOR_DEFINITIONS = (
					"DEBUG=1",
					"$(inherited)",
				);
				INFOPLIST_FILE = ChowFastTests/Info.plist;
				LD_RUNPATH_SEARCH_PATHS = "$(inherited) @executable_path/Frameworks @loader_path/Frameworks";
				PRODUCT_NAME = "$(TARGET_NAME)";
				TEST_HOST = "$(BUILT_PRODUCTS_DIR)/ChowFast.app/ChowFast";
			};
			name = Debug;
		};
		7601F3A91B2FFCF200D5E366 /* Release */ = {
			isa = XCBuildConfiguration;
			buildSettings = {
				BUNDLE_LOADER = "$(TEST_HOST)";
				FRAMEWORK_SEARCH_PATHS = (
					"$(SDKROOT)/Developer/Library/Frameworks",
					"$(inherited)",
				);
				INFOPLIST_FILE = ChowFastTests/Info.plist;
				LD_RUNPATH_SEARCH_PATHS = "$(inherited) @executable_path/Frameworks @loader_path/Frameworks";
				PRODUCT_NAME = "$(TARGET_NAME)";
				TEST_HOST = "$(BUILT_PRODUCTS_DIR)/ChowFast.app/ChowFast";
			};
			name = Release;
		};
/* End XCBuildConfiguration section */

/* Begin XCConfigurationList section */
		7601F3801B2FFCF100D5E366 /* Build configuration list for PBXProject "ChowFast" */ = {
			isa = XCConfigurationList;
			buildConfigurations = (
				7601F3A21B2FFCF200D5E366 /* Debug */,
				7601F3A31B2FFCF200D5E366 /* Release */,
			);
			defaultConfigurationIsVisible = 0;
			defaultConfigurationName = Release;
		};
		7601F3A41B2FFCF200D5E366 /* Build configuration list for PBXNativeTarget "ChowFast" */ = {
			isa = XCConfigurationList;
			buildConfigurations = (
				7601F3A51B2FFCF200D5E366 /* Debug */,
				7601F3A61B2FFCF200D5E366 /* Release */,
			);
			defaultConfigurationIsVisible = 0;
			defaultConfigurationName = Release;
		};
		7601F3A71B2FFCF200D5E366 /* Build configuration list for PBXNativeTarget "ChowFastTests" */ = {
			isa = XCConfigurationList;
			buildConfigurations = (
				7601F3A81B2FFCF200D5E366 /* Debug */,
				7601F3A91B2FFCF200D5E366 /* Release */,
			);
			defaultConfigurationIsVisible = 0;
			defaultConfigurationName = Release;
		};
/* End XCConfigurationList section */
	};
	rootObject = 7601F37D1B2FFCF100D5E366 /* Project object */;
}
